
Microsoft Visual Studio Solution File, Format Version 12.00
# Visual Studio Version 17
VisualStudioVersion = 17.14.36603.0
MinimumVisualStudioVersion = 10.0.40219.1
Project("{54A90642-561A-4BB1-A94E-469ADEE60C69}") = "vite-react-template", "vite-react-template.esproj", "{624873B3-CC98-F348-AF08-9650AA3CDDC9}"
EndProject
Project("{FAE04EC0-301F-11D3-BF4B-00C04F79EFBC}") = "Bills", "..\..\Bills\Bills.csproj", "{C87F43A1-0276-3868-A6C7-234206952D65}"
EndProject
Global
	GlobalSection(SolutionConfigurationPlatforms) = preSolution
		Debug|Any CPU = Debug|Any CPU
		Release|Any CPU = Release|Any CPU
	EndGlobalSection
	GlobalSection(ProjectConfigurationPlatforms) = postSolution
		{624873B3-CC98-F348-AF08-9650AA3CDDC9}.Debug|Any CPU.ActiveCfg = Debug|Any CPU
		{624873B3-CC98-F348-AF08-9650AA3CDDC9}.Debug|Any CPU.Build.0 = Debug|Any CPU
		{624873B3-CC98-F348-AF08-9650AA3CDDC9}.Debug|Any CPU.Deploy.0 = Debug|Any CPU
		{624873B3-CC98-F348-AF08-9650AA3CDDC9}.Release|Any CPU.ActiveCfg = Release|Any CPU
		{624873B3-CC98-F348-AF08-9650AA3CDDC9}.Release|Any CPU.Build.0 = Release|Any CPU
		{624873B3-CC98-F348-AF08-9650AA3CDDC9}.Release|Any CPU.Deploy.0 = Release|Any CPU
		{C87F43A1-0276-3868-A6C7-234206952D65}.Debug|Any CPU.ActiveCfg = Debug|Any CPU
		{C87F43A1-0276-3868-A6C7-234206952D65}.Debug|Any CPU.Build.0 = Debug|Any CPU
		{C87F43A1-0276-3868-A6C7-234206952D65}.Debug|Any CPU.Deploy.0 = Debug|Any CPU
		{C87F43A1-0276-3868-A6C7-234206952D65}.Release|Any CPU.ActiveCfg = Release|Any CPU
		{C87F43A1-0276-3868-A6C7-234206952D65}.Release|Any CPU.Build.0 = Release|Any CPU
	EndGlobalSection
	GlobalSection(SolutionProperties) = preSolution
		HideSolutionNode = FALSE
	EndGlobalSection
	GlobalSection(ExtensibilityGlobals) = postSolution
		SolutionGuid = {85676DA0-33B3-4559-86C8-8003A4614252}
	EndGlobalSection
EndGlobal
